
Microsoft Visual Studio Solution File, Format Version 12.00
# Visual Studio Version 17
VisualStudioVersion = 17.0.32002.185
MinimumVisualStudioVersion = 10.0.40219.1
Project("{FAE04EC0-301F-11D3-BF4B-00C04F79EFBC}") = "MesWarnDaemon", "MesWarnDaemon\MesWarnDaemon.csproj", "{CBDC1BBB-587E-4007-8D86-50E6024BDEE1}"
EndProject
Global
	GlobalSection(SolutionConfigurationPlatforms) = preSolution
		Debug|Any CPU = Debug|Any CPU
		Release|Any CPU = Release|Any CPU
	EndGlobalSection
	GlobalSection(ProjectConfigurationPlatforms) = postSolution
		{CBDC1BBB-587E-4007-8D86-50E6024BDEE1}.Debug|Any CPU.ActiveCfg = Debug|Any CPU
		{CBDC1BBB-587E-4007-8D86-50E6024BDEE1}.Debug|Any CPU.Build.0 = Debug|Any CPU
		{CBDC1BBB-587E-4007-8D86-50E6024BDEE1}.Release|Any CPU.ActiveCfg = Release|Any CPU
		{CBDC1BBB-587E-4007-8D86-50E6024BDEE1}.Release|Any CPU.Build.0 = Release|Any CPU
	EndGlobalSection
	GlobalSection(SolutionProperties) = preSolution
		HideSolutionNode = FALSE
	EndGlobalSection
	GlobalSection(ExtensibilityGlobals) = postSolution
		SolutionGuid = {23D527A4-D172-4D07-B748-5DCCA6267BC2}
	EndGlobalSection
EndGlobal
